{
  "originHash" : "f7792ec3a190e141f40feb04cf95b0c5a75bf129ff1779067bc822daff1d218f",
  "pins" : [
    {
      "identity" : "appsflyerframework-dynamic",
      "kind" : "remoteSourceControl",
      "location" : "https://github.com/AppsFlyerSDK/AppsFlyerFramework-Dynamic",
      "state" : {
        "revision" : "4e56283bb5411e4c2d08ac28780848dc371335ff",
        "version" : "6.17.5"
      }
    }
  ],
  "version" : 3
}
